
Microsoft Visual Studio Solution File, Format Version 12.00
# Visual Studio Version 16
VisualStudioVersion = 16.0.29519.87
MinimumVisualStudioVersion = 10.0.40219.1
Project("{FAE04EC0-301F-11D3-BF4B-00C04F79EFBC}") = "FileEncrypter", "FileEncrypter\FileEncrypter.csproj", "{10B77FA5-2D33-495F-B382-A9182F294833}"
EndProject
Global
	GlobalSection(SolutionConfigurationPlatforms) = preSolution
		Debug|Any CPU = Debug|Any CPU
		Release|Any CPU = Release|Any CPU
	EndGlobalSection
	GlobalSection(ProjectConfigurationPlatforms) = postSolution
		{10B77FA5-2D33-495F-B382-A9182F294833}.Debug|Any CPU.ActiveCfg = Debug|Any CPU
		{10B77FA5-2D33-495F-B382-A9182F294833}.Debug|Any CPU.Build.0 = Debug|Any CPU
		{10B77FA5-2D33-495F-B382-A9182F294833}.Release|Any CPU.ActiveCfg = Release|Any CPU
		{10B77FA5-2D33-495F-B382-A9182F294833}.Release|Any CPU.Build.0 = Release|Any CPU
	EndGlobalSection
	GlobalSection(SolutionProperties) = preSolution
		HideSolutionNode = FALSE
	EndGlobalSection
	GlobalSection(ExtensibilityGlobals) = postSolution
		SolutionGuid = {EB8BAC5D-6163-4A02-93C4-4B0B0BF7F0FF}
	EndGlobalSection
EndGlobal
